
Microsoft Visual Studio Solution File, Format Version 11.00
# Visual Studio 2010
Project("{8BC9CEB8-8B4A-11D0-8D11-00A0C91BC942}") = "TestCuda", "TestCuda\TestCuda.vcxproj", "{DA41E461-CA9F-4817-A1C7-348102B5C96C}"
EndProject
Global
	GlobalSection(SolutionConfigurationPlatforms) = preSolution
		Debug|Win32 = Debug|Win32
		Release|Win32 = Release|Win32
	EndGlobalSection
	GlobalSection(ProjectConfigurationPlatforms) = postSolution
		{DA41E461-CA9F-4817-A1C7-348102B5C96C}.Debug|Win32.ActiveCfg = Debug|Win32
		{DA41E461-CA9F-4817-A1C7-348102B5C96C}.Debug|Win32.Build.0 = Debug|Win32
		{DA41E461-CA9F-4817-A1C7-348102B5C96C}.Release|Win32.ActiveCfg = Release|Win32
		{DA41E461-CA9F-4817-A1C7-348102B5C96C}.Release|Win32.Build.0 = Release|Win32
	EndGlobalSection
	GlobalSection(SolutionProperties) = preSolution
		HideSolutionNode = FALSE
	EndGlobalSection
EndGlobal
